
Microsoft Visual Studio Solution File, Format Version 12.00
# Visual Studio Version 17
VisualStudioVersion = 17.14.36127.28 d17.14
MinimumVisualStudioVersion = 10.0.40219.1
Project("{FAE04EC0-301F-11D3-BF4B-00C04F79EFBC}") = "TcpWebServer", "TcpWebServer\TcpWebServer.csproj", "{16DF255F-018A-4E19-A047-CBC6BF243E25}"
EndProject
Global
	GlobalSection(SolutionConfigurationPlatforms) = preSolution
		Debug|Any CPU = Debug|Any CPU
		Release|Any CPU = Release|Any CPU
	EndGlobalSection
	GlobalSection(ProjectConfigurationPlatforms) = postSolution
		{16DF255F-018A-4E19-A047-CBC6BF243E25}.Debug|Any CPU.ActiveCfg = Debug|Any CPU
		{16DF255F-018A-4E19-A047-CBC6BF243E25}.Debug|Any CPU.Build.0 = Debug|Any CPU
		{16DF255F-018A-4E19-A047-CBC6BF243E25}.Release|Any CPU.ActiveCfg = Release|Any CPU
		{16DF255F-018A-4E19-A047-CBC6BF243E25}.Release|Any CPU.Build.0 = Release|Any CPU
	EndGlobalSection
	GlobalSection(SolutionProperties) = preSolution
		HideSolutionNode = FALSE
	EndGlobalSection
	GlobalSection(ExtensibilityGlobals) = postSolution
		SolutionGuid = {EB0BC2CD-983E-4A73-9CE7-A4061D9AA8A6}
	EndGlobalSection
EndGlobal
